
Microsoft Visual Studio Solution File, Format Version 12.00
# Visual Studio 15
VisualStudioVersion = 15.0.28307.106
MinimumVisualStudioVersion = 10.0.40219.1
Project("{FAE04EC0-301F-11D3-BF4B-00C04F79EFBC}") = "TrabCrip.Infra", "TrabCrip.Infra\TrabCrip.Infra.csproj", "{F618DBB0-7DDB-499D-B2DD-35E37E09C6B7}"
EndProject
Project("{2150E333-8FDC-42A3-9474-1A3956D46DE8}") = "Infraestrutura", "Infraestrutura", "{51DA36DC-693C-4DB0-9B02-D7FC28DEA109}"
EndProject
Project("{2150E333-8FDC-42A3-9474-1A3956D46DE8}") = "Testes", "Testes", "{EF0CE801-37BB-4AA3-B811-EB419283A38A}"
EndProject
Project("{2150E333-8FDC-42A3-9474-1A3956D46DE8}") = "Apresentacao", "Apresentacao", "{3521B299-1AA3-493E-AAFA-1F4F7B4555CC}"
EndProject
Project("{FAE04EC0-301F-11D3-BF4B-00C04F79EFBC}") = "TrabCrip.apresentacao", "TrabCrip.apresentacao\TrabCrip.apresentacao.csproj", "{3212FE77-5A0C-4A1F-BC00-FF25067DB635}"
EndProject
Global
	GlobalSection(SolutionConfigurationPlatforms) = preSolution
		Debug|Any CPU = Debug|Any CPU
		Release|Any CPU = Release|Any CPU
	EndGlobalSection
	GlobalSection(ProjectConfigurationPlatforms) = postSolution
		{F618DBB0-7DDB-499D-B2DD-35E37E09C6B7}.Debug|Any CPU.ActiveCfg = Debug|Any CPU
		{F618DBB0-7DDB-499D-B2DD-35E37E09C6B7}.Debug|Any CPU.Build.0 = Debug|Any CPU
		{F618DBB0-7DDB-499D-B2DD-35E37E09C6B7}.Release|Any CPU.ActiveCfg = Release|Any CPU
		{F618DBB0-7DDB-499D-B2DD-35E37E09C6B7}.Release|Any CPU.Build.0 = Release|Any CPU
		{3212FE77-5A0C-4A1F-BC00-FF25067DB635}.Debug|Any CPU.ActiveCfg = Debug|Any CPU
		{3212FE77-5A0C-4A1F-BC00-FF25067DB635}.Debug|Any CPU.Build.0 = Debug|Any CPU
		{3212FE77-5A0C-4A1F-BC00-FF25067DB635}.Release|Any CPU.ActiveCfg = Release|Any CPU
		{3212FE77-5A0C-4A1F-BC00-FF25067DB635}.Release|Any CPU.Build.0 = Release|Any CPU
	EndGlobalSection
	GlobalSection(SolutionProperties) = preSolution
		HideSolutionNode = FALSE
	EndGlobalSection
	GlobalSection(NestedProjects) = preSolution
		{F618DBB0-7DDB-499D-B2DD-35E37E09C6B7} = {51DA36DC-693C-4DB0-9B02-D7FC28DEA109}
		{3212FE77-5A0C-4A1F-BC00-FF25067DB635} = {3521B299-1AA3-493E-AAFA-1F4F7B4555CC}
	EndGlobalSection
	GlobalSection(ExtensibilityGlobals) = postSolution
		SolutionGuid = {3D64DBD5-F918-4AAC-AE9E-411C82245E61}
	EndGlobalSection
EndGlobal
